
Microsoft Visual Studio Solution File, Format Version 12.00
# Visual Studio 14
VisualStudioVersion = 14.0.23107.0
MinimumVisualStudioVersion = 10.0.40219.1
Project("{FAE04EC0-301F-11D3-BF4B-00C04F79EFBC}") = "PorterWright", "PorterWright\PorterWright.csproj", "{226488FD-75AF-44D7-960B-F903873697FC}"
EndProject
Global
	GlobalSection(SolutionConfigurationPlatforms) = preSolution
		Debug|Any CPU = Debug|Any CPU
		Release|Any CPU = Release|Any CPU
	EndGlobalSection
	GlobalSection(ProjectConfigurationPlatforms) = postSolution
		{226488FD-75AF-44D7-960B-F903873697FC}.Debug|Any CPU.ActiveCfg = Debug|Any CPU
		{226488FD-75AF-44D7-960B-F903873697FC}.Debug|Any CPU.Build.0 = Debug|Any CPU
		{226488FD-75AF-44D7-960B-F903873697FC}.Release|Any CPU.ActiveCfg = Release|Any CPU
		{226488FD-75AF-44D7-960B-F903873697FC}.Release|Any CPU.Build.0 = Release|Any CPU
	EndGlobalSection
	GlobalSection(SolutionProperties) = preSolution
		HideSolutionNode = FALSE
	EndGlobalSection
EndGlobal
